
Microsoft Visual Studio Solution File, Format Version 12.00
# Visual Studio Version 17
VisualStudioVersion = 17.0.32014.148
MinimumVisualStudioVersion = 10.0.40219.1
Project("{9A19103F-16F7-4668-BE54-9A1E7A4F7556}") = "cs_Client", "cs_Client\cs_Client.csproj", "{17C49EF4-FCB2-4340-A20C-654D4F07CDCA}"
EndProject
Project("{9A19103F-16F7-4668-BE54-9A1E7A4F7556}") = "cs_ConsoleServer", "cs_ConsoleServer\cs_ConsoleServer.csproj", "{7288BF6B-7C49-41D3-9EA9-A1AEE36E3B0E}"
EndProject
Global
	GlobalSection(SolutionConfigurationPlatforms) = preSolution
		Debug|Any CPU = Debug|Any CPU
		Release|Any CPU = Release|Any CPU
	EndGlobalSection
	GlobalSection(ProjectConfigurationPlatforms) = postSolution
		{17C49EF4-FCB2-4340-A20C-654D4F07CDCA}.Debug|Any CPU.ActiveCfg = Debug|Any CPU
		{17C49EF4-FCB2-4340-A20C-654D4F07CDCA}.Debug|Any CPU.Build.0 = Debug|Any CPU
		{17C49EF4-FCB2-4340-A20C-654D4F07CDCA}.Release|Any CPU.ActiveCfg = Release|Any CPU
		{17C49EF4-FCB2-4340-A20C-654D4F07CDCA}.Release|Any CPU.Build.0 = Release|Any CPU
		{7288BF6B-7C49-41D3-9EA9-A1AEE36E3B0E}.Debug|Any CPU.ActiveCfg = Debug|Any CPU
		{7288BF6B-7C49-41D3-9EA9-A1AEE36E3B0E}.Debug|Any CPU.Build.0 = Debug|Any CPU
		{7288BF6B-7C49-41D3-9EA9-A1AEE36E3B0E}.Release|Any CPU.ActiveCfg = Release|Any CPU
		{7288BF6B-7C49-41D3-9EA9-A1AEE36E3B0E}.Release|Any CPU.Build.0 = Release|Any CPU
	EndGlobalSection
	GlobalSection(SolutionProperties) = preSolution
		HideSolutionNode = FALSE
	EndGlobalSection
	GlobalSection(ExtensibilityGlobals) = postSolution
		SolutionGuid = {FD8FA2D4-804F-4DC5-83A3-CC91B6C7ED2F}
	EndGlobalSection
EndGlobal
